// !$*UTF8*$!
{
	archiveVersion = 1;
	classes = {
	};
	objectVersion = 55;
	objects = {

/* Begin PBXBuildFile section */
		8B3CB5E2282E3AE8009F2651 /* EmailedPresenter.swift in Sources */ = {isa = PBXBuildFile; fileRef = 8B3CB5E1282E3AE8009F2651 /* EmailedPresenter.swift */; };
		8B3CB5E4282E3E29009F2651 /* MostEmailed.swift in Sources */ = {isa = PBXBuildFile; fileRef = 8B3CB5E3282E3E29009F2651 /* MostEmailed.swift */; };
		8B3CB5E8282E5691009F2651 /* NetworkService.swift in Sources */ = {isa = PBXBuildFile; fileRef = 8B3CB5E7282E5691009F2651 /* NetworkService.swift */; };
		8B4B004C2836CFD000366322 /* EmailedViewModelFactory.swift in Sources */ = {isa = PBXBuildFile; fileRef = 8B4B004B2836CFD000366322 /* EmailedViewModelFactory.swift */; };
		8B4B004E2836D4F300366322 /* EmailedTopContainerViewModel.swift in Sources */ = {isa = PBXBuildFile; fileRef = 8B4B004D2836D4F300366322 /* EmailedTopContainerViewModel.swift */; };
		8B5302F028256BE8005D7F2F /* AppDelegate.swift in Sources */ = {isa = PBXBuildFile; fileRef = 8B5302EF28256BE8005D7F2F /* AppDelegate.swift */; };
		8B5302FA28256BE8005D7F2F /* openNewsProject.xcdatamodeld in Sources */ = {isa = PBXBuildFile; fileRef = 8B5302F828256BE8005D7F2F /* openNewsProject.xcdatamodeld */; };
		8B5302FC28256BE9005D7F2F /* Assets.xcassets in Resources */ = {isa = PBXBuildFile; fileRef = 8B5302FB28256BE9005D7F2F /* Assets.xcassets */; };
		8B5302FF28256BEA005D7F2F /* LaunchScreen.storyboard in Resources */ = {isa = PBXBuildFile; fileRef = 8B5302FD28256BEA005D7F2F /* LaunchScreen.storyboard */; };
		8BA8B82C2827E77D00A111CB /* EmailedViewController.swift in Sources */ = {isa = PBXBuildFile; fileRef = 8BA8B82A2827E77D00A111CB /* EmailedViewController.swift */; };
		8BA8B82D2827E77D00A111CB /* EmailedViewController.xib in Resources */ = {isa = PBXBuildFile; fileRef = 8BA8B82B2827E77D00A111CB /* EmailedViewController.xib */; };
		8BA8B83E282D25ED00A111CB /* EmailedCollectionViewCell.swift in Sources */ = {isa = PBXBuildFile; fileRef = 8BA8B83C282D25ED00A111CB /* EmailedCollectionViewCell.swift */; };
		8BA8B83F282D25ED00A111CB /* EmailedCollectionViewCell.xib in Resources */ = {isa = PBXBuildFile; fileRef = 8BA8B83D282D25ED00A111CB /* EmailedCollectionViewCell.xib */; };
		8BC6305428355C600012A75E /* FlowCoordinator.swift in Sources */ = {isa = PBXBuildFile; fileRef = 8BC6305328355C600012A75E /* FlowCoordinator.swift */; };
		8BC6305928355E4D0012A75E /* TabBarViewControllersResolver.swift in Sources */ = {isa = PBXBuildFile; fileRef = 8BC6305828355E4D0012A75E /* TabBarViewControllersResolver.swift */; };
		8BC6305D28355F750012A75E /* TabBarAssembly.swift in Sources */ = {isa = PBXBuildFile; fileRef = 8BC6305C28355F750012A75E /* TabBarAssembly.swift */; };
		8BC6305F28355F7F0012A75E /* TabBarController.swift in Sources */ = {isa = PBXBuildFile; fileRef = 8BC6305E28355F7F0012A75E /* TabBarController.swift */; };
		8BC6306128355F8C0012A75E /* TabBarPresenter.swift in Sources */ = {isa = PBXBuildFile; fileRef = 8BC6306028355F8C0012A75E /* TabBarPresenter.swift */; };
		8BC63065283560750012A75E /* TabBarViewModelFactory.swift in Sources */ = {isa = PBXBuildFile; fileRef = 8BC63064283560750012A75E /* TabBarViewModelFactory.swift */; };
		8BC63067283561670012A75E /* TabBarViewModel.swift in Sources */ = {isa = PBXBuildFile; fileRef = 8BC63066283561670012A75E /* TabBarViewModel.swift */; };
		8BC6306E283562F70012A75E /* EmailedViewModel.swift in Sources */ = {isa = PBXBuildFile; fileRef = 8BC6306D283562F70012A75E /* EmailedViewModel.swift */; };
		8BC63072283563C00012A75E /* NewsCellViewModel.swift in Sources */ = {isa = PBXBuildFile; fileRef = 8BC63071283563C00012A75E /* NewsCellViewModel.swift */; };
		8BC630752835653E0012A75E /* EmailedCellTypeResolver.swift in Sources */ = {isa = PBXBuildFile; fileRef = 8BC630742835653E0012A75E /* EmailedCellTypeResolver.swift */; };
		8BC63078283565F30012A75E /* ViewIdentifiable.swift in Sources */ = {isa = PBXBuildFile; fileRef = 8BC63077283565F30012A75E /* ViewIdentifiable.swift */; };
		8BC6307A283566370012A75E /* CellSizeProtocol.swift in Sources */ = {isa = PBXBuildFile; fileRef = 8BC63079283566370012A75E /* CellSizeProtocol.swift */; };
		8BC6307C28356FDA0012A75E /* EmailedAssembly.swift in Sources */ = {isa = PBXBuildFile; fileRef = 8BC6307B28356FDA0012A75E /* EmailedAssembly.swift */; };
/* End PBXBuildFile section */

/* Begin PBXFileReference section */
		8B3CB5E1282E3AE8009F2651 /* EmailedPresenter.swift */ = {isa = PBXFileReference; lastKnownFileType = sourcecode.swift; path = EmailedPresenter.swift; sourceTree = "<group>"; };
		8B3CB5E3282E3E29009F2651 /* MostEmailed.swift */ = {isa = PBXFileReference; lastKnownFileType = sourcecode.swift; path = MostEmailed.swift; sourceTree = "<group>"; };
		8B3CB5E7282E5691009F2651 /* NetworkService.swift */ = {isa = PBXFileReference; lastKnownFileType = sourcecode.swift; path = NetworkService.swift; sourceTree = "<group>"; };
		8B4B004B2836CFD000366322 /* EmailedViewModelFactory.swift */ = {isa = PBXFileReference; lastKnownFileType = sourcecode.swift; path = EmailedViewModelFactory.swift; sourceTree = "<group>"; };
		8B4B004D2836D4F300366322 /* EmailedTopContainerViewModel.swift */ = {isa = PBXFileReference; lastKnownFileType = sourcecode.swift; path = EmailedTopContainerViewModel.swift; sourceTree = "<group>"; };
		8B5302EC28256BE8005D7F2F /* openNewsProject.app */ = {isa = PBXFileReference; explicitFileType = wrapper.application; includeInIndex = 0; path = openNewsProject.app; sourceTree = BUILT_PRODUCTS_DIR; };
		8B5302EF28256BE8005D7F2F /* AppDelegate.swift */ = {isa = PBXFileReference; lastKnownFileType = sourcecode.swift; path = AppDelegate.swift; sourceTree = "<group>"; };
		8B5302F928256BE8005D7F2F /* openNewsProject.xcdatamodel */ = {isa = PBXFileReference; lastKnownFileType = wrapper.xcdatamodel; path = openNewsProject.xcdatamodel; sourceTree = "<group>"; };
		8B5302FB28256BE9005D7F2F /* Assets.xcassets */ = {isa = PBXFileReference; lastKnownFileType = folder.assetcatalog; path = Assets.xcassets; sourceTree = "<group>"; };
		8B5302FE28256BEA005D7F2F /* Base */ = {isa = PBXFileReference; lastKnownFileType = file.storyboard; name = Base; path = Base.lproj/LaunchScreen.storyboard; sourceTree = "<group>"; };
		8B53030028256BEA005D7F2F /* Info.plist */ = {isa = PBXFileReference; lastKnownFileType = text.plist.xml; path = Info.plist; sourceTree = "<group>"; };
		8BA8B82A2827E77D00A111CB /* EmailedViewController.swift */ = {isa = PBXFileReference; lastKnownFileType = sourcecode.swift; path = EmailedViewController.swift; sourceTree = "<group>"; };
		8BA8B82B2827E77D00A111CB /* EmailedViewController.xib */ = {isa = PBXFileReference; lastKnownFileType = file.xib; path = EmailedViewController.xib; sourceTree = "<group>"; };
		8BA8B83C282D25ED00A111CB /* EmailedCollectionViewCell.swift */ = {isa = PBXFileReference; lastKnownFileType = sourcecode.swift; path = EmailedCollectionViewCell.swift; sourceTree = "<group>"; };
		8BA8B83D282D25ED00A111CB /* EmailedCollectionViewCell.xib */ = {isa = PBXFileReference; lastKnownFileType = file.xib; path = EmailedCollectionViewCell.xib; sourceTree = "<group>"; };
		8BC6305328355C600012A75E /* FlowCoordinator.swift */ = {isa = PBXFileReference; lastKnownFileType = sourcecode.swift; path = FlowCoordinator.swift; sourceTree = "<group>"; };
		8BC6305828355E4D0012A75E /* TabBarViewControllersResolver.swift */ = {isa = PBXFileReference; lastKnownFileType = sourcecode.swift; path = TabBarViewControllersResolver.swift; sourceTree = "<group>"; };
		8BC6305C28355F750012A75E /* TabBarAssembly.swift */ = {isa = PBXFileReference; lastKnownFileType = sourcecode.swift; path = TabBarAssembly.swift; sourceTree = "<group>"; };
		8BC6305E28355F7F0012A75E /* TabBarController.swift */ = {isa = PBXFileReference; lastKnownFileType = sourcecode.swift; path = TabBarController.swift; sourceTree = "<group>"; };
		8BC6306028355F8C0012A75E /* TabBarPresenter.swift */ = {isa = PBXFileReference; lastKnownFileType = sourcecode.swift; path = TabBarPresenter.swift; sourceTree = "<group>"; };
		8BC63064283560750012A75E /* TabBarViewModelFactory.swift */ = {isa = PBXFileReference; lastKnownFileType = sourcecode.swift; path = TabBarViewModelFactory.swift; sourceTree = "<group>"; };
		8BC63066283561670012A75E /* TabBarViewModel.swift */ = {isa = PBXFileReference; lastKnownFileType = sourcecode.swift; path = TabBarViewModel.swift; sourceTree = "<group>"; };
		8BC6306D283562F70012A75E /* EmailedViewModel.swift */ = {isa = PBXFileReference; lastKnownFileType = sourcecode.swift; path = EmailedViewModel.swift; sourceTree = "<group>"; };
		8BC63071283563C00012A75E /* NewsCellViewModel.swift */ = {isa = PBXFileReference; lastKnownFileType = sourcecode.swift; path = NewsCellViewModel.swift; sourceTree = "<group>"; };
		8BC630742835653E0012A75E /* EmailedCellTypeResolver.swift */ = {isa = PBXFileReference; lastKnownFileType = sourcecode.swift; path = EmailedCellTypeResolver.swift; sourceTree = "<group>"; };
		8BC63077283565F30012A75E /* ViewIdentifiable.swift */ = {isa = PBXFileReference; lastKnownFileType = sourcecode.swift; path = ViewIdentifiable.swift; sourceTree = "<group>"; };
		8BC63079283566370012A75E /* CellSizeProtocol.swift */ = {isa = PBXFileReference; lastKnownFileType = sourcecode.swift; path = CellSizeProtocol.swift; sourceTree = "<group>"; };
		8BC6307B28356FDA0012A75E /* EmailedAssembly.swift */ = {isa = PBXFileReference; lastKnownFileType = sourcecode.swift; path = EmailedAssembly.swift; sourceTree = "<group>"; };
/* End PBXFileReference section */

/* Begin PBXFrameworksBuildPhase section */
		8B5302E928256BE8005D7F2F /* Frameworks */ = {
			isa = PBXFrameworksBuildPhase;
			buildActionMask = 2147483647;
			files = (
			);
			runOnlyForDeploymentPostprocessing = 0;
		};
/* End PBXFrameworksBuildPhase section */

/* Begin PBXGroup section */
		8B3CB5E5282E3E34009F2651 /* Models */ = {
			isa = PBXGroup;
			children = (
				8B3CB5E3282E3E29009F2651 /* MostEmailed.swift */,
			);
			path = Models;
			sourceTree = "<group>";
		};
		8B3CB5E6282E3E53009F2651 /* UI */ = {
			isa = PBXGroup;
			children = (
				8BC6306F2835639F0012A75E /* Common */,
				8BC6305628355E100012A75E /* TabBar */,
				8B3CB5EB282E662C009F2651 /* Emailed */,
			);
			path = UI;
			sourceTree = "<group>";
		};
		8B3CB5E9282E56D4009F2651 /* ServiceLayer */ = {
			isa = PBXGroup;
			children = (
				8BC63073283564670012A75E /* Network */,
				8BC6305228355C500012A75E /* FlowCoordinator */,
			);
			path = ServiceLayer;
			sourceTree = "<group>";
		};
		8B3CB5EB282E662C009F2651 /* Emailed */ = {
			isa = PBXGroup;
			children = (
				8BC63068283562740012A75E /* Factories */,
				8BC6306B2835629C0012A75E /* Resolvers */,
				8BC6306A2835628C0012A75E /* ViewModels */,
				8BC63069283562840012A75E /* Views */,
				8BC6307B28356FDA0012A75E /* EmailedAssembly.swift */,
				8B3CB5E1282E3AE8009F2651 /* EmailedPresenter.swift */,
				8BA8B82A2827E77D00A111CB /* EmailedViewController.swift */,
				8BA8B82B2827E77D00A111CB /* EmailedViewController.xib */,
			);
			path = Emailed;
			sourceTree = "<group>";
		};
		8B5302E328256BE8005D7F2F = {
			isa = PBXGroup;
			children = (
				8B5302EE28256BE8005D7F2F /* openNewsProject */,
				8B5302ED28256BE8005D7F2F /* Products */,
			);
			sourceTree = "<group>";
		};
		8B5302ED28256BE8005D7F2F /* Products */ = {
			isa = PBXGroup;
			children = (
				8B5302EC28256BE8005D7F2F /* openNewsProject.app */,
			);
			name = Products;
			sourceTree = "<group>";
		};
		8B5302EE28256BE8005D7F2F /* openNewsProject */ = {
			isa = PBXGroup;
			children = (
				8B5302EF28256BE8005D7F2F /* AppDelegate.swift */,
				8B3CB5E9282E56D4009F2651 /* ServiceLayer */,
				8B3CB5E6282E3E53009F2651 /* UI */,
				8B5302FB28256BE9005D7F2F /* Assets.xcassets */,
				8B5302FD28256BEA005D7F2F /* LaunchScreen.storyboard */,
				8B53030028256BEA005D7F2F /* Info.plist */,
				8B5302F828256BE8005D7F2F /* openNewsProject.xcdatamodeld */,
			);
			path = openNewsProject;
			sourceTree = "<group>";
		};
		8BC6305228355C500012A75E /* FlowCoordinator */ = {
			isa = PBXGroup;
			children = (
				8BC6305328355C600012A75E /* FlowCoordinator.swift */,
			);
			path = FlowCoordinator;
			sourceTree = "<group>";
		};
		8BC6305628355E100012A75E /* TabBar */ = {
			isa = PBXGroup;
			children = (
				8BC6305728355E170012A75E /* Resolvers */,
				8BC6305A28355F510012A75E /* TabBarViewModelFactory */,
				8BC6305B28355F600012A75E /* ViewModels */,
				8BC6305C28355F750012A75E /* TabBarAssembly.swift */,
				8BC6305E28355F7F0012A75E /* TabBarController.swift */,
				8BC6306028355F8C0012A75E /* TabBarPresenter.swift */,
			);
			path = TabBar;
			sourceTree = "<group>";
		};
		8BC6305728355E170012A75E /* Resolvers */ = {
			isa = PBXGroup;
			children = (
				8BC6305828355E4D0012A75E /* TabBarViewControllersResolver.swift */,
			);
			path = Resolvers;
			sourceTree = "<group>";
		};
		8BC6305A28355F510012A75E /* TabBarViewModelFactory */ = {
			isa = PBXGroup;
			children = (
				8BC63064283560750012A75E /* TabBarViewModelFactory.swift */,
			);
			path = TabBarViewModelFactory;
			sourceTree = "<group>";
		};
		8BC6305B28355F600012A75E /* ViewModels */ = {
			isa = PBXGroup;
			children = (
				8BC63066283561670012A75E /* TabBarViewModel.swift */,
			);
			path = ViewModels;
			sourceTree = "<group>";
		};
		8BC63068283562740012A75E /* Factories */ = {
			isa = PBXGroup;
			children = (
				8B4B004B2836CFD000366322 /* EmailedViewModelFactory.swift */,
			);
			path = Factories;
			sourceTree = "<group>";
		};
		8BC63069283562840012A75E /* Views */ = {
			isa = PBXGroup;
			children = (
				8BC6306C283562B20012A75E /* Cells */,
			);
			path = Views;
			sourceTree = "<group>";
		};
		8BC6306A2835628C0012A75E /* ViewModels */ = {
			isa = PBXGroup;
			children = (
				8BC6306D283562F70012A75E /* EmailedViewModel.swift */,
				8B4B004D2836D4F300366322 /* EmailedTopContainerViewModel.swift */,
			);
			path = ViewModels;
			sourceTree = "<group>";
		};
		8BC6306B2835629C0012A75E /* Resolvers */ = {
			isa = PBXGroup;
			children = (
				8BC630742835653E0012A75E /* EmailedCellTypeResolver.swift */,
			);
			path = Resolvers;
			sourceTree = "<group>";
		};
		8BC6306C283562B20012A75E /* Cells */ = {
			isa = PBXGroup;
			children = (
				8BA8B83C282D25ED00A111CB /* EmailedCollectionViewCell.swift */,
				8BA8B83D282D25ED00A111CB /* EmailedCollectionViewCell.xib */,
			);
			path = Cells;
			sourceTree = "<group>";
		};
		8BC6306F2835639F0012A75E /* Common */ = {
			isa = PBXGroup;
			children = (
				8BC63076283565DF0012A75E /* Protocols */,
				8BC63070283563AD0012A75E /* CellModels */,
			);
			path = Common;
			sourceTree = "<group>";
		};
		8BC63070283563AD0012A75E /* CellModels */ = {
			isa = PBXGroup;
			children = (
				8BC63071283563C00012A75E /* NewsCellViewModel.swift */,
			);
			path = CellModels;
			sourceTree = "<group>";
		};
		8BC63073283564670012A75E /* Network */ = {
			isa = PBXGroup;
			children = (
				8B3CB5E5282E3E34009F2651 /* Models */,
				8B3CB5E7282E5691009F2651 /* NetworkService.swift */,
			);
			path = Network;
			sourceTree = "<group>";
		};
		8BC63076283565DF0012A75E /* Protocols */ = {
			isa = PBXGroup;
			children = (
				8BC63077283565F30012A75E /* ViewIdentifiable.swift */,
				8BC63079283566370012A75E /* CellSizeProtocol.swift */,
			);
			path = Protocols;
			sourceTree = "<group>";
		};
/* End PBXGroup section */

/* Begin PBXNativeTarget section */
		8B5302EB28256BE8005D7F2F /* openNewsProject */ = {
			isa = PBXNativeTarget;
			buildConfigurationList = 8B53030328256BEA005D7F2F /* Build configuration list for PBXNativeTarget "openNewsProject" */;
			buildPhases = (
				8B5302E828256BE8005D7F2F /* Sources */,
				8B5302E928256BE8005D7F2F /* Frameworks */,
				8B5302EA28256BE8005D7F2F /* Resources */,
			);
			buildRules = (
			);
			dependencies = (
			);
			name = openNewsProject;
			productName = openNewsProject;
			productReference = 8B5302EC28256BE8005D7F2F /* openNewsProject.app */;
			productType = "com.apple.product-type.application";
		};
/* End PBXNativeTarget section */

/* Begin PBXProject section */
		8B5302E428256BE8005D7F2F /* Project object */ = {
			isa = PBXProject;
			attributes = {
				BuildIndependentTargetsInParallel = 1;
				LastSwiftUpdateCheck = 1310;
				LastUpgradeCheck = 1310;
				TargetAttributes = {
					8B5302EB28256BE8005D7F2F = {
						CreatedOnToolsVersion = 13.1;
					};
				};
			};
			buildConfigurationList = 8B5302E728256BE8005D7F2F /* Build configuration list for PBXProject "openNewsProject" */;
			compatibilityVersion = "Xcode 13.0";
			developmentRegion = en;
			hasScannedForEncodings = 0;
			knownRegions = (
				en,
				Base,
			);
			mainGroup = 8B5302E328256BE8005D7F2F;
			productRefGroup = 8B5302ED28256BE8005D7F2F /* Products */;
			projectDirPath = "";
			projectRoot = "";
			targets = (
				8B5302EB28256BE8005D7F2F /* openNewsProject */,
			);
		};
/* End PBXProject section */

/* Begin PBXResourcesBuildPhase section */
		8B5302EA28256BE8005D7F2F /* Resources */ = {
			isa = PBXResourcesBuildPhase;
			buildActionMask = 2147483647;
			files = (
				8B5302FF28256BEA005D7F2F /* LaunchScreen.storyboard in Resources */,
				8BA8B82D2827E77D00A111CB /* EmailedViewController.xib in Resources */,
				8BA8B83F282D25ED00A111CB /* EmailedCollectionViewCell.xib in Resources */,
				8B5302FC28256BE9005D7F2F /* Assets.xcassets in Resources */,
			);
			runOnlyForDeploymentPostprocessing = 0;
		};
/* End PBXResourcesBuildPhase section */

/* Begin PBXSourcesBuildPhase section */
		8B5302E828256BE8005D7F2F /* Sources */ = {
			isa = PBXSourcesBuildPhase;
			buildActionMask = 2147483647;
			files = (
				8BC63065283560750012A75E /* TabBarViewModelFactory.swift in Sources */,
				8B5302F028256BE8005D7F2F /* AppDelegate.swift in Sources */,
				8B4B004C2836CFD000366322 /* EmailedViewModelFactory.swift in Sources */,
				8BC6306128355F8C0012A75E /* TabBarPresenter.swift in Sources */,
				8B3CB5E2282E3AE8009F2651 /* EmailedPresenter.swift in Sources */,
				8BC6305D28355F750012A75E /* TabBarAssembly.swift in Sources */,
				8BC630752835653E0012A75E /* EmailedCellTypeResolver.swift in Sources */,
				8B3CB5E8282E5691009F2651 /* NetworkService.swift in Sources */,
				8B5302FA28256BE8005D7F2F /* openNewsProject.xcdatamodeld in Sources */,
				8B3CB5E4282E3E29009F2651 /* MostEmailed.swift in Sources */,
				8BA8B82C2827E77D00A111CB /* EmailedViewController.swift in Sources */,
				8BC63067283561670012A75E /* TabBarViewModel.swift in Sources */,
				8BC63072283563C00012A75E /* NewsCellViewModel.swift in Sources */,
				8BA8B83E282D25ED00A111CB /* EmailedCollectionViewCell.swift in Sources */,
				8B4B004E2836D4F300366322 /* EmailedTopContainerViewModel.swift in Sources */,
				8BC6305F28355F7F0012A75E /* TabBarController.swift in Sources */,
				8BC6305928355E4D0012A75E /* TabBarViewControllersResolver.swift in Sources */,
				8BC6307C28356FDA0012A75E /* EmailedAssembly.swift in Sources */,
				8BC63078283565F30012A75E /* ViewIdentifiable.swift in Sources */,
				8BC6306E283562F70012A75E /* EmailedViewModel.swift in Sources */,
				8BC6307A283566370012A75E /* CellSizeProtocol.swift in Sources */,
				8BC6305428355C600012A75E /* FlowCoordinator.swift in Sources */,
			);
			runOnlyForDeploymentPostprocessing = 0;
		};
/* End PBXSourcesBuildPhase section */

/* Begin PBXVariantGroup section */
		8B5302FD28256BEA005D7F2F /* LaunchScreen.storyboard */ = {
			isa = PBXVariantGroup;
			children = (
				8B5302FE28256BEA005D7F2F /* Base */,
			);
			name = LaunchScreen.storyboard;
			sourceTree = "<group>";
		};
/* End PBXVariantGroup section */

/* Begin XCBuildConfiguration section */
		8B53030128256BEA005D7F2F /* Debug */ = {
			isa = XCBuildConfiguration;
			buildSettings = {
				ALWAYS_SEARCH_USER_PATHS = NO;
				CLANG_ANALYZER_NONNULL = YES;
				CLANG_ANALYZER_NUMBER_OBJECT_CONVERSION = YES_AGGRESSIVE;
				CLANG_CXX_LANGUAGE_STANDARD = "gnu++17";
				CLANG_CXX_LIBRARY = "libc++";
				CLANG_ENABLE_MODULES = YES;
				CLANG_ENABLE_OBJC_ARC = YES;
				CLANG_ENABLE_OBJC_WEAK = YES;
				CLANG_WARN_BLOCK_CAPTURE_AUTORELEASING = YES;
				CLANG_WARN_BOOL_CONVERSION = YES;
				CLANG_WARN_COMMA = YES;
				CLANG_WARN_CONSTANT_CONVERSION = YES;
				CLANG_WARN_DEPRECATED_OBJC_IMPLEMENTATIONS = YES;
				CLANG_WARN_DIRECT_OBJC_ISA_USAGE = YES_ERROR;
				CLANG_WARN_DOCUMENTATION_COMMENTS = YES;
				CLANG_WARN_EMPTY_BODY = YES;
				CLANG_WARN_ENUM_CONVERSION = YES;
				CLANG_WARN_INFINITE_RECURSION = YES;
				CLANG_WARN_INT_CONVERSION = YES;
				CLANG_WARN_NON_LITERAL_NULL_CONVERSION = YES;
				CLANG_WARN_OBJC_IMPLICIT_RETAIN_SELF = YES;
				CLANG_WARN_OBJC_LITERAL_CONVERSION = YES;
				CLANG_WARN_OBJC_ROOT_CLASS = YES_ERROR;
				CLANG_WARN_QUOTED_INCLUDE_IN_FRAMEWORK_HEADER = YES;
				CLANG_WARN_RANGE_LOOP_ANALYSIS = YES;
				CLANG_WARN_STRICT_PROTOTYPES = YES;
				CLANG_WARN_SUSPICIOUS_MOVE = YES;
				CLANG_WARN_UNGUARDED_AVAILABILITY = YES_AGGRESSIVE;
				CLANG_WARN_UNREACHABLE_CODE = YES;
				CLANG_WARN__DUPLICATE_METHOD_MATCH = YES;
				COPY_PHASE_STRIP = NO;
				DEBUG_INFORMATION_FORMAT = dwarf;
				ENABLE_STRICT_OBJC_MSGSEND = YES;
				ENABLE_TESTABILITY = YES;
				GCC_C_LANGUAGE_STANDARD = gnu11;
				GCC_DYNAMIC_NO_PIC = NO;
				GCC_NO_COMMON_BLOCKS = YES;
				GCC_OPTIMIZATION_LEVEL = 0;
				GCC_PREPROCESSOR_DEFINITIONS = (
					"DEBUG=1",
					"$(inherited)",
				);
				GCC_WARN_64_TO_32_BIT_CONVERSION = YES;
				GCC_WARN_ABOUT_RETURN_TYPE = YES_ERROR;
				GCC_WARN_UNDECLARED_SELECTOR = YES;
				GCC_WARN_UNINITIALIZED_AUTOS = YES_AGGRESSIVE;
				GCC_WARN_UNUSED_FUNCTION = YES;
				GCC_WARN_UNUSED_VARIABLE = YES;
				IPHONEOS_DEPLOYMENT_TARGET = 15.0;
				MTL_ENABLE_DEBUG_INFO = INCLUDE_SOURCE;
				MTL_FAST_MATH = YES;
				ONLY_ACTIVE_ARCH = YES;
				SDKROOT = iphoneos;
				SWIFT_ACTIVE_COMPILATION_CONDITIONS = DEBUG;
				SWIFT_OPTIMIZATION_LEVEL = "-Onone";
			};
			name = Debug;
		};
		8B53030228256BEA005D7F2F /* Release */ = {
			isa = XCBuildConfiguration;
			buildSettings = {
				ALWAYS_SEARCH_USER_PATHS = NO;
				CLANG_ANALYZER_NONNULL = YES;
				CLANG_ANALYZER_NUMBER_OBJECT_CONVERSION = YES_AGGRESSIVE;
				CLANG_CXX_LANGUAGE_STANDARD = "gnu++17";
				CLANG_CXX_LIBRARY = "libc++";
				CLANG_ENABLE_MODULES = YES;
				CLANG_ENABLE_OBJC_ARC = YES;
				CLANG_ENABLE_OBJC_WEAK = YES;
				CLANG_WARN_BLOCK_CAPTURE_AUTORELEASING = YES;
				CLANG_WARN_BOOL_CONVERSION = YES;
				CLANG_WARN_COMMA = YES;
				CLANG_WARN_CONSTANT_CONVERSION = YES;
				CLANG_WARN_DEPRECATED_OBJC_IMPLEMENTATIONS = YES;
				CLANG_WARN_DIRECT_OBJC_ISA_USAGE = YES_ERROR;
				CLANG_WARN_DOCUMENTATION_COMMENTS = YES;
				CLANG_WARN_EMPTY_BODY = YES;
				CLANG_WARN_ENUM_CONVERSION = YES;
				CLANG_WARN_INFINITE_RECURSION = YES;
				CLANG_WARN_INT_CONVERSION = YES;
				CLANG_WARN_NON_LITERAL_NULL_CONVERSION = YES;
				CLANG_WARN_OBJC_IMPLICIT_RETAIN_SELF = YES;
				CLANG_WARN_OBJC_LITERAL_CONVERSION = YES;
				CLANG_WARN_OBJC_ROOT_CLASS = YES_ERROR;
				CLANG_WARN_QUOTED_INCLUDE_IN_FRAMEWORK_HEADER = YES;
				CLANG_WARN_RANGE_LOOP_ANALYSIS = YES;
				CLANG_WARN_STRICT_PROTOTYPES = YES;
				CLANG_WARN_SUSPICIOUS_MOVE = YES;
				CLANG_WARN_UNGUARDED_AVAILABILITY = YES_AGGRESSIVE;
				CLANG_WARN_UNREACHABLE_CODE = YES;
				CLANG_WARN__DUPLICATE_METHOD_MATCH = YES;
				COPY_PHASE_STRIP = NO;
				DEBUG_INFORMATION_FORMAT = "dwarf-with-dsym";
				ENABLE_NS_ASSERTIONS = NO;
				ENABLE_STRICT_OBJC_MSGSEND = YES;
				GCC_C_LANGUAGE_STANDARD = gnu11;
				GCC_NO_COMMON_BLOCKS = YES;
				GCC_WARN_64_TO_32_BIT_CONVERSION = YES;
				GCC_WARN_ABOUT_RETURN_TYPE = YES_ERROR;
				GCC_WARN_UNDECLARED_SELECTOR = YES;
				GCC_WARN_UNINITIALIZED_AUTOS = YES_AGGRESSIVE;
				GCC_WARN_UNUSED_FUNCTION = YES;
				GCC_WARN_UNUSED_VARIABLE = YES;
				IPHONEOS_DEPLOYMENT_TARGET = 15.0;
				MTL_ENABLE_DEBUG_INFO = NO;
				MTL_FAST_MATH = YES;
				SDKROOT = iphoneos;
				SWIFT_COMPILATION_MODE = wholemodule;
				SWIFT_OPTIMIZATION_LEVEL = "-O";
				VALIDATE_PRODUCT = YES;
			};
			name = Release;
		};
		8B53030428256BEA005D7F2F /* Debug */ = {
			isa = XCBuildConfiguration;
			buildSettings = {
				ASSETCATALOG_COMPILER_APPICON_NAME = AppIcon;
				ASSETCATALOG_COMPILER_GLOBAL_ACCENT_COLOR_NAME = AccentColor;
				CODE_SIGN_STYLE = Automatic;
				CURRENT_PROJECT_VERSION = 1;
				GENERATE_INFOPLIST_FILE = YES;
				INFOPLIST_FILE = openNewsProject/Info.plist;
				INFOPLIST_KEY_UIApplicationSupportsIndirectInputEvents = YES;
				INFOPLIST_KEY_UILaunchStoryboardName = LaunchScreen;
				INFOPLIST_KEY_UISupportedInterfaceOrientations_iPad = "UIInterfaceOrientationPortrait UIInterfaceOrientationPortraitUpsideDown UIInterfaceOrientationLandscapeLeft UIInterfaceOrientationLandscapeRight";
				INFOPLIST_KEY_UISupportedInterfaceOrientations_iPhone = "UIInterfaceOrientationPortrait UIInterfaceOrientationLandscapeLeft UIInterfaceOrientationLandscapeRight";
				LD_RUNPATH_SEARCH_PATHS = (
					"$(inherited)",
					"@executable_path/Frameworks",
				);
				MARKETING_VERSION = 1.0;
				PRODUCT_BUNDLE_IDENTIFIER = test.openNewsProject;
				PRODUCT_NAME = "$(TARGET_NAME)";
				SWIFT_EMIT_LOC_STRINGS = YES;
				SWIFT_VERSION = 5.0;
				TARGETED_DEVICE_FAMILY = "1,2";
			};
			name = Debug;
		};
		8B53030528256BEA005D7F2F /* Release */ = {
			isa = XCBuildConfiguration;
			buildSettings = {
				ASSETCATALOG_COMPILER_APPICON_NAME = AppIcon;
				ASSETCATALOG_COMPILER_GLOBAL_ACCENT_COLOR_NAME = AccentColor;
				CODE_SIGN_STYLE = Automatic;
				CURRENT_PROJECT_VERSION = 1;
				GENERATE_INFOPLIST_FILE = YES;
				INFOPLIST_FILE = openNewsProject/Info.plist;
				INFOPLIST_KEY_UIApplicationSupportsIndirectInputEvents = YES;
				INFOPLIST_KEY_UILaunchStoryboardName = LaunchScreen;
				INFOPLIST_KEY_UISupportedInterfaceOrientations_iPad = "UIInterfaceOrientationPortrait UIInterfaceOrientationPortraitUpsideDown UIInterfaceOrientationLandscapeLeft UIInterfaceOrientationLandscapeRight";
				INFOPLIST_KEY_UISupportedInterfaceOrientations_iPhone = "UIInterfaceOrientationPortrait UIInterfaceOrientationLandscapeLeft UIInterfaceOrientationLandscapeRight";
				LD_RUNPATH_SEARCH_PATHS = (
					"$(inherited)",
					"@executable_path/Frameworks",
				);
				MARKETING_VERSION = 1.0;
				PRODUCT_BUNDLE_IDENTIFIER = test.openNewsProject;
				PRODUCT_NAME = "$(TARGET_NAME)";
				SWIFT_EMIT_LOC_STRINGS = YES;
				SWIFT_VERSION = 5.0;
				TARGETED_DEVICE_FAMILY = "1,2";
			};
			name = Release;
		};
/* End XCBuildConfiguration section */

/* Begin XCConfigurationList section */
		8B5302E728256BE8005D7F2F /* Build configuration list for PBXProject "openNewsProject" */ = {
			isa = XCConfigurationList;
			buildConfigurations = (
				8B53030128256BEA005D7F2F /* Debug */,
				8B53030228256BEA005D7F2F /* Release */,
			);
			defaultConfigurationIsVisible = 0;
			defaultConfigurationName = Release;
		};
		8B53030328256BEA005D7F2F /* Build configuration list for PBXNativeTarget "openNewsProject" */ = {
			isa = XCConfigurationList;
			buildConfigurations = (
				8B53030428256BEA005D7F2F /* Debug */,
				8B53030528256BEA005D7F2F /* Release */,
			);
			defaultConfigurationIsVisible = 0;
			defaultConfigurationName = Release;
		};
/* End XCConfigurationList section */

/* Begin XCVersionGroup section */
		8B5302F828256BE8005D7F2F /* openNewsProject.xcdatamodeld */ = {
			isa = XCVersionGroup;
			children = (
				8B5302F928256BE8005D7F2F /* openNewsProject.xcdatamodel */,
			);
			currentVersion = 8B5302F928256BE8005D7F2F /* openNewsProject.xcdatamodel */;
			path = openNewsProject.xcdatamodeld;
			sourceTree = "<group>";
			versionGroupType = wrapper.xcdatamodel;
		};
/* End XCVersionGroup section */
	};
	rootObject = 8B5302E428256BE8005D7F2F /* Project object */;
}
